{
  "requires": true,
  "lockfileVersion": 1,
  "dependencies": {
    "constructs": {
      "version": "3.0.0",
      "resolved": "https://registry.npmjs.org/constructs/-/constructs-3.0.0.tgz",
      "integrity": "sha512-A/gp39D7DyPEUlnJ+rLOttxOEG9EfhYJDdESBCDy2E1OG1R/kGmsKhKOy37wiUHkGxCCKrtNIuvV0Qk+pUsvhg=="
    }
  }
}
